// !$*UTF8*$!
{
	archiveVersion = 1;
	classes = {
	};
	objectVersion = 46;
	objects = {

/* Begin PBXBuildFile section */
		69070D5B1AF596ED00EAADAE /* AppDelegate.swift in Sources */ = {isa = PBXBuildFile; fileRef = 69070D5A1AF596ED00EAADAE /* AppDelegate.swift */; };
		69070D5D1AF596ED00EAADAE /* ViewController.swift in Sources */ = {isa = PBXBuildFile; fileRef = 69070D5C1AF596ED00EAADAE /* ViewController.swift */; };
		69070D601AF596ED00EAADAE /* Main.storyboard in Resources */ = {isa = PBXBuildFile; fileRef = 69070D5E1AF596ED00EAADAE /* Main.storyboard */; };
		69070D621AF596ED00EAADAE /* Images.xcassets in Resources */ = {isa = PBXBuildFile; fileRef = 69070D611AF596ED00EAADAE /* Images.xcassets */; };
		69070D651AF596ED00EAADAE /* LaunchScreen.xib in Resources */ = {isa = PBXBuildFile; fileRef = 69070D631AF596ED00EAADAE /* LaunchScreen.xib */; };
		69070D711AF596ED00EAADAE /* CalculatorTests.swift in Sources */ = {isa = PBXBuildFile; fileRef = 69070D701AF596ED00EAADAE /* CalculatorTests.swift */; };
/* End PBXBuildFile section */

/* Begin PBXContainerItemProxy section */
		69070D6B1AF596ED00EAADAE /* PBXContainerItemProxy */ = {
			isa = PBXContainerItemProxy;
			containerPortal = 69070D4D1AF596ED00EAADAE /* Project object */;
			proxyType = 1;
			remoteGlobalIDString = 69070D541AF596ED00EAADAE;
			remoteInfo = Calculator;
		};
/* End PBXContainerItemProxy section */

/* Begin PBXFileReference section */
		69070D551AF596ED00EAADAE /* Calculator.app */ = {isa = PBXFileReference; explicitFileType = wrapper.application; includeInIndex = 0; path = Calculator.app; sourceTree = BUILT_PRODUCTS_DIR; };
		69070D591AF596ED00EAADAE /* Info.plist */ = {isa = PBXFileReference; lastKnownFileType = text.plist.xml; path = Info.plist; sourceTree = "<group>"; };
		69070D5A1AF596ED00EAADAE /* AppDelegate.swift */ = {isa = PBXFileReference; lastKnownFileType = sourcecode.swift; path = AppDelegate.swift; sourceTree = "<group>"; };
		69070D5C1AF596ED00EAADAE /* ViewController.swift */ = {isa = PBXFileReference; lastKnownFileType = sourcecode.swift; path = ViewController.swift; sourceTree = "<group>"; };
		69070D5F1AF596ED00EAADAE /* Base */ = {isa = PBXFileReference; lastKnownFileType = file.storyboard; name = Base; path = Base.lproj/Main.storyboard; sourceTree = "<group>"; };
		69070D611AF596ED00EAADAE /* Images.xcassets */ = {isa = PBXFileReference; lastKnownFileType = folder.assetcatalog; path = Images.xcassets; sourceTree = "<group>"; };
		69070D641AF596ED00EAADAE /* Base */ = {isa = PBXFileReference; lastKnownFileType = file.xib; name = Base; path = Base.lproj/LaunchScreen.xib; sourceTree = "<group>"; };
		69070D6A1AF596ED00EAADAE /* CalculatorTests.xctest */ = {isa = PBXFileReference; explicitFileType = wrapper.cfbundle; includeInIndex = 0; path = CalculatorTests.xctest; sourceTree = BUILT_PRODUCTS_DIR; };
		69070D6F1AF596ED00EAADAE /* Info.plist */ = {isa = PBXFileReference; lastKnownFileType = text.plist.xml; path = Info.plist; sourceTree = "<group>"; };
		69070D701AF596ED00EAADAE /* CalculatorTests.swift */ = {isa = PBXFileReference; lastKnownFileType = sourcecode.swift; path = CalculatorTests.swift; sourceTree = "<group>"; };
/* End PBXFileReference section */

/* Begin PBXFrameworksBuildPhase section */
		69070D521AF596ED00EAADAE /* Frameworks */ = {
			isa = PBXFrameworksBuildPhase;
			buildActionMask = 2147483647;
			files = (
			);
			runOnlyForDeploymentPostprocessing = 0;
		};
		69070D671AF596ED00EAADAE /* Frameworks */ = {
			isa = PBXFrameworksBuildPhase;
			buildActionMask = 2147483647;
			files = (
			);
			runOnlyForDeploymentPostprocessing = 0;
		};
/* End PBXFrameworksBuildPhase section */

/* Begin PBXGroup section */
		69070D4C1AF596ED00EAADAE = {
			isa = PBXGroup;
			children = (
				69070D571AF596ED00EAADAE /* Calculator */,
				69070D6D1AF596ED00EAADAE /* CalculatorTests */,
				69070D561AF596ED00EAADAE /* Products */,
			);
			sourceTree = "<group>";
		};
		69070D561AF596ED00EAADAE /* Products */ = {
			isa = PBXGroup;
			children = (
				69070D551AF596ED00EAADAE /* Calculator.app */,
				69070D6A1AF596ED00EAADAE /* CalculatorTests.xctest */,
			);
			name = Products;
			sourceTree = "<group>";
		};
		69070D571AF596ED00EAADAE /* Calculator */ = {
			isa = PBXGroup;
			children = (
				69070D5C1AF596ED00EAADAE /* ViewController.swift */,
				69070D5E1AF596ED00EAADAE /* Main.storyboard */,
				69070D581AF596ED00EAADAE /* Supporting Files */,
			);
			path = Calculator;
			sourceTree = "<group>";
		};
		69070D581AF596ED00EAADAE /* Supporting Files */ = {
			isa = PBXGroup;
			children = (
				69070D631AF596ED00EAADAE /* LaunchScreen.xib */,
				69070D611AF596ED00EAADAE /* Images.xcassets */,
				69070D5A1AF596ED00EAADAE /* AppDelegate.swift */,
				69070D591AF596ED00EAADAE /* Info.plist */,
			);
			name = "Supporting Files";
			sourceTree = "<group>";
		};
		69070D6D1AF596ED00EAADAE /* CalculatorTests */ = {
			isa = PBXGroup;
			children = (
				69070D701AF596ED00EAADAE /* CalculatorTests.swift */,
				69070D6E1AF596ED00EAADAE /* Supporting Files */,
			);
			path = CalculatorTests;
			sourceTree = "<group>";
		};
		69070D6E1AF596ED00EAADAE /* Supporting Files */ = {
			isa = PBXGroup;
			children = (
				69070D6F1AF596ED00EAADAE /* Info.plist */,
			);
			name = "Supporting Files";
			sourceTree = "<group>";
		};
/* End PBXGroup section */

/* Begin PBXNativeTarget section */
		69070D541AF596ED00EAADAE /* Calculator */ = {
			isa = PBXNativeTarget;
			buildConfigurationList = 69070D741AF596ED00EAADAE /* Build configuration list for PBXNativeTarget "Calculator" */;
			buildPhases = (
				69070D511AF596ED00EAADAE /* Sources */,
				69070D521AF596ED00EAADAE /* Frameworks */,
				69070D531AF596ED00EAADAE /* Resources */,
			);
			buildRules = (
			);
			dependencies = (
			);
			name = Calculator;
			productName = Calculator;
			productReference = 69070D551AF596ED00EAADAE /* Calculator.app */;
			productType = "com.apple.product-type.application";
		};
		69070D691AF596ED00EAADAE /* CalculatorTests */ = {
			isa = PBXNativeTarget;
			buildConfigurationList = 69070D771AF596ED00EAADAE /* Build configuration list for PBXNativeTarget "CalculatorTests" */;
			buildPhases = (
				69070D661AF596ED00EAADAE /* Sources */,
				69070D671AF596ED00EAADAE /* Frameworks */,
				69070D681AF596ED00EAADAE /* Resources */,
			);
			buildRules = (
			);
			dependencies = (
				69070D6C1AF596ED00EAADAE /* PBXTargetDependency */,
			);
			name = CalculatorTests;
			productName = CalculatorTests;
			productReference = 69070D6A1AF596ED00EAADAE /* CalculatorTests.xctest */;
			productType = "com.apple.product-type.bundle.unit-test";
		};
/* End PBXNativeTarget section */

/* Begin PBXProject section */
		69070D4D1AF596ED00EAADAE /* Project object */ = {
			isa = PBXProject;
			attributes = {
				LastUpgradeCheck = 0630;
				ORGANIZATIONNAME = "Thought Croft";
				TargetAttributes = {
					69070D541AF596ED00EAADAE = {
						CreatedOnToolsVersion = 6.3.1;
					};
					69070D691AF596ED00EAADAE = {
						CreatedOnToolsVersion = 6.3.1;
						TestTargetID = 69070D541AF596ED00EAADAE;
					};
				};
			};
			buildConfigurationList = 69070D501AF596ED00EAADAE /* Build configuration list for PBXProject "Calculator" */;
			compatibilityVersion = "Xcode 3.2";
			developmentRegion = English;
			hasScannedForEncodings = 0;
			knownRegions = (
				en,
				Base,
			);
			mainGroup = 69070D4C1AF596ED00EAADAE;
			productRefGroup = 69070D561AF596ED00EAADAE /* Products */;
			projectDirPath = "";
			projectRoot = "";
			targets = (
				69070D541AF596ED00EAADAE /* Calculator */,
				69070D691AF596ED00EAADAE /* CalculatorTests */,
			);
		};
/* End PBXProject section */

/* Begin PBXResourcesBuildPhase section */
		69070D531AF596ED00EAADAE /* Resources */ = {
			isa = PBXResourcesBuildPhase;
			buildActionMask = 2147483647;
			files = (
				69070D601AF596ED00EAADAE /* Main.storyboard in Resources */,
				69070D651AF596ED00EAADAE /* LaunchScreen.xib in Resources */,
				69070D621AF596ED00EAADAE /* Images.xcassets in Resources */,
			);
			runOnlyForDeploymentPostprocessing = 0;
		};
		69070D681AF596ED00EAADAE /* Resources */ = {
			isa = PBXResourcesBuildPhase;
			buildActionMask = 2147483647;
			files = (
			);
			runOnlyForDeploymentPostprocessing = 0;
		};
/* End PBXResourcesBuildPhase section */

/* Begin PBXSourcesBuildPhase section */
		69070D511AF596ED00EAADAE /* Sources */ = {
			isa = PBXSourcesBuildPhase;
			buildActionMask = 2147483647;
			files = (
				69070D5D1AF596ED00EAADAE /* ViewController.swift in Sources */,
				69070D5B1AF596ED00EAADAE /* AppDelegate.swift in Sources */,
			);
			runOnlyForDeploymentPostprocessing = 0;
		};
		69070D661AF596ED00EAADAE /* Sources */ = {
			isa = PBXSourcesBuildPhase;
			buildActionMask = 2147483647;
			files = (
				69070D711AF596ED00EAADAE /* CalculatorTests.swift in Sources */,
			);
			runOnlyForDeploymentPostprocessing = 0;
		};
/* End PBXSourcesBuildPhase section */

/* Begin PBXTargetDependency section */
		69070D6C1AF596ED00EAADAE /* PBXTargetDependency */ = {
			isa = PBXTargetDependency;
			target = 69070D541AF596ED00EAADAE /* Calculator */;
			targetProxy = 69070D6B1AF596ED00EAADAE /* PBXContainerItemProxy */;
		};
/* End PBXTargetDependency section */

/* Begin PBXVariantGroup section */
		69070D5E1AF596ED00EAADAE /* Main.storyboard */ = {
			isa = PBXVariantGroup;
			children = (
				69070D5F1AF596ED00EAADAE /* Base */,
			);
			name = Main.storyboard;
			sourceTree = "<group>";
		};
		69070D631AF596ED00EAADAE /* LaunchScreen.xib */ = {
			isa = PBXVariantGroup;
			children = (
				69070D641AF596ED00EAADAE /* Base */,
			);
			name = LaunchScreen.xib;
			sourceTree = "<group>";
		};
/* End PBXVariantGroup section */

/* Begin XCBuildConfiguration section */
		69070D721AF596ED00EAADAE /* Debug */ = {
			isa = XCBuildConfiguration;
			buildSettings = {
				ALWAYS_SEARCH_USER_PATHS = NO;
				CLANG_CXX_LANGUAGE_STANDARD = "gnu++0x";
				CLANG_CXX_LIBRARY = "libc++";
				CLANG_ENABLE_MODULES = YES;
				CLANG_ENABLE_OBJC_ARC = YES;
				CLANG_WARN_BOOL_CONVERSION = YES;
				CLANG_WARN_CONSTANT_CONVERSION = YES;
				CLANG_WARN_DIRECT_OBJC_ISA_USAGE = YES_ERROR;
				CLANG_WARN_EMPTY_BODY = YES;
				CLANG_WARN_ENUM_CONVERSION = YES;
				CLANG_WARN_INT_CONVERSION = YES;
				CLANG_WARN_OBJC_ROOT_CLASS = YES_ERROR;
				CLANG_WARN_UNREACHABLE_CODE = YES;
				CLANG_WARN__DUPLICATE_METHOD_MATCH = YES;
				"CODE_SIGN_IDENTITY[sdk=iphoneos*]" = "iPhone Developer";
				COPY_PHASE_STRIP = NO;
				DEBUG_INFORMATION_FORMAT = "dwarf-with-dsym";
				ENABLE_STRICT_OBJC_MSGSEND = YES;
				GCC_C_LANGUAGE_STANDARD = gnu99;
				GCC_DYNAMIC_NO_PIC = NO;
				GCC_NO_COMMON_BLOCKS = YES;
				GCC_OPTIMIZATION_LEVEL = 0;
				GCC_PREPROCESSOR_DEFINITIONS = (
					"DEBUG=1",
					"$(inherited)",
				);
				GCC_SYMBOLS_PRIVATE_EXTERN = NO;
				GCC_WARN_64_TO_32_BIT_CONVERSION = YES;
				GCC_WARN_ABOUT_RETURN_TYPE = YES_ERROR;
				GCC_WARN_UNDECLARED_SELECTOR = YES;
				GCC_WARN_UNINITIALIZED_AUTOS = YES_AGGRESSIVE;
				GCC_WARN_UNUSED_FUNCTION = YES;
				GCC_WARN_UNUSED_VARIABLE = YES;
				IPHONEOS_DEPLOYMENT_TARGET = 8.3;
				MTL_ENABLE_DEBUG_INFO = YES;
				ONLY_ACTIVE_ARCH = YES;
				SDKROOT = iphoneos;
				SWIFT_OPTIMIZATION_LEVEL = "-Onone";
				TARGETED_DEVICE_FAMILY = "1,2";
			};
			name = Debug;
		};
		69070D731AF596ED00EAADAE /* Release */ = {
			isa = XCBuildConfiguration;
			buildSettings = {
				ALWAYS_SEARCH_USER_PATHS = NO;
				CLANG_CXX_LANGUAGE_STANDARD = "gnu++0x";
				CLANG_CXX_LIBRARY = "libc++";
				CLANG_ENABLE_MODULES = YES;
				CLANG_ENABLE_OBJC_ARC = YES;
				CLANG_WARN_BOOL_CONVERSION = YES;
				CLANG_WARN_CONSTANT_CONVERSION = YES;
				CLANG_WARN_DIRECT_OBJC_ISA_USAGE = YES_ERROR;
				CLANG_WARN_EMPTY_BODY = YES;
				CLANG_WARN_ENUM_CONVERSION = YES;
				CLANG_WARN_INT_CONVERSION = YES;
				CLANG_WARN_OBJC_ROOT_CLASS = YES_ERROR;
				CLANG_WARN_UNREACHABLE_CODE = YES;
				CLANG_WARN__DUPLICATE_METHOD_MATCH = YES;
				"CODE_SIGN_IDENTITY[sdk=iphoneos*]" = "iPhone Developer";
				COPY_PHASE_STRIP = NO;
				DEBUG_INFORMATION_FORMAT = "dwarf-with-dsym";
				ENABLE_NS_ASSERTIONS = NO;
				ENABLE_STRICT_OBJC_MSGSEND = YES;
				GCC_C_LANGUAGE_STANDARD = gnu99;
				GCC_NO_COMMON_BLOCKS = YES;
				GCC_WARN_64_TO_32_BIT_CONVERSION = YES;
				GCC_WARN_ABOUT_RETURN_TYPE = YES_ERROR;
				GCC_WARN_UNDECLARED_SELECTOR = YES;
				GCC_WARN_UNINITIALIZED_AUTOS = YES_AGGRESSIVE;
				GCC_WARN_UNUSED_FUNCTION = YES;
				GCC_WARN_UNUSED_VARIABLE = YES;
				IPHONEOS_DEPLOYMENT_TARGET = 8.3;
				MTL_ENABLE_DEBUG_INFO = NO;
				SDKROOT = iphoneos;
				TARGETED_DEVICE_FAMILY = "1,2";
				VALIDATE_PRODUCT = YES;
			};
			name = Release;
		};
		69070D751AF596ED00EAADAE /* Debug */ = {
			isa = XCBuildConfiguration;
			buildSettings = {
				ASSETCATALOG_COMPILER_APPICON_NAME = AppIcon;
				INFOPLIST_FILE = Calculator/Info.plist;
				LD_RUNPATH_SEARCH_PATHS = "$(inherited) @executable_path/Frameworks";
				PRODUCT_NAME = "$(TARGET_NAME)";
			};
			name = Debug;
		};
		69070D761AF596ED00EAADAE /* Release */ = {
			isa = XCBuildConfiguration;
			buildSettings = {
				ASSETCATALOG_COMPILER_APPICON_NAME = AppIcon;
				INFOPLIST_FILE = Calculator/Info.plist;
				LD_RUNPATH_SEARCH_PATHS = "$(inherited) @executable_path/Frameworks";
				PRODUCT_NAME = "$(TARGET_NAME)";
			};
			name = Release;
		};
		69070D781AF596ED00EAADAE /* Debug */ = {
			isa = XCBuildConfiguration;
			buildSettings = {
				BUNDLE_LOADER = "$(TEST_HOST)";
				FRAMEWORK_SEARCH_PATHS = (
					"$(SDKROOT)/Developer/Library/Frameworks",
					"$(inherited)",
				);
				GCC_PREPROCESSOR_DEFINITIONS = (
					"DEBUG=1",
					"$(inherited)",
				);
				INFOPLIST_FILE = CalculatorTests/Info.plist;
				LD_RUNPATH_SEARCH_PATHS = "$(inherited) @executable_path/Frameworks @loader_path/Frameworks";
				PRODUCT_NAME = "$(TARGET_NAME)";
				TEST_HOST = "$(BUILT_PRODUCTS_DIR)/Calculator.app/Calculator";
			};
			name = Debug;
		};
		69070D791AF596ED00EAADAE /* Release */ = {
			isa = XCBuildConfiguration;
			buildSettings = {
				BUNDLE_LOADER = "$(TEST_HOST)";
				FRAMEWORK_SEARCH_PATHS = (
					"$(SDKROOT)/Developer/Library/Frameworks",
					"$(inherited)",
				);
				INFOPLIST_FILE = CalculatorTests/Info.plist;
				LD_RUNPATH_SEARCH_PATHS = "$(inherited) @executable_path/Frameworks @loader_path/Frameworks";
				PRODUCT_NAME = "$(TARGET_NAME)";
				TEST_HOST = "$(BUILT_PRODUCTS_DIR)/Calculator.app/Calculator";
			};
			name = Release;
		};
/* End XCBuildConfiguration section */

/* Begin XCConfigurationList section */
		69070D501AF596ED00EAADAE /* Build configuration list for PBXProject "Calculator" */ = {
			isa = XCConfigurationList;
			buildConfigurations = (
				69070D721AF596ED00EAADAE /* Debug */,
				69070D731AF596ED00EAADAE /* Release */,
			);
			defaultConfigurationIsVisible = 0;
			defaultConfigurationName = Release;
		};
		69070D741AF596ED00EAADAE /* Build configuration list for PBXNativeTarget "Calculator" */ = {
			isa = XCConfigurationList;
			buildConfigurations = (
				69070D751AF596ED00EAADAE /* Debug */,
				69070D761AF596ED00EAADAE /* Release */,
			);
			defaultConfigurationIsVisible = 0;
		};
		69070D771AF596ED00EAADAE /* Build configuration list for PBXNativeTarget "CalculatorTests" */ = {
			isa = XCConfigurationList;
			buildConfigurations = (
				69070D781AF596ED00EAADAE /* Debug */,
				69070D791AF596ED00EAADAE /* Release */,
			);
			defaultConfigurationIsVisible = 0;
		};
/* End XCConfigurationList section */
	};
	rootObject = 69070D4D1AF596ED00EAADAE /* Project object */;
}
